
Microsoft Visual Studio Solution File, Format Version 12.00
# Visual Studio Version 17
VisualStudioVersion = 17.6.33829.357
MinimumVisualStudioVersion = 10.0.40219.1
Project("{FAE04EC0-301F-11D3-BF4B-00C04F79EFBC}") = "TesteNovip", "TesteNovip\TesteNovip.csproj", "{B12329E1-10B4-4E68-9B7B-83A3BA42D67E}"
EndProject
Global
	GlobalSection(SolutionConfigurationPlatforms) = preSolution
		Debug|Any CPU = Debug|Any CPU
		Release|Any CPU = Release|Any CPU
	EndGlobalSection
	GlobalSection(ProjectConfigurationPlatforms) = postSolution
		{B12329E1-10B4-4E68-9B7B-83A3BA42D67E}.Debug|Any CPU.ActiveCfg = Debug|Any CPU
		{B12329E1-10B4-4E68-9B7B-83A3BA42D67E}.Debug|Any CPU.Build.0 = Debug|Any CPU
		{B12329E1-10B4-4E68-9B7B-83A3BA42D67E}.Release|Any CPU.ActiveCfg = Release|Any CPU
		{B12329E1-10B4-4E68-9B7B-83A3BA42D67E}.Release|Any CPU.Build.0 = Release|Any CPU
	EndGlobalSection
	GlobalSection(SolutionProperties) = preSolution
		HideSolutionNode = FALSE
	EndGlobalSection
	GlobalSection(ExtensibilityGlobals) = postSolution
		SolutionGuid = {148249DA-1E08-4453-BDE3-CBEF1B16E914}
	EndGlobalSection
EndGlobal
